
Microsoft Visual Studio Solution File, Format Version 12.00
# Visual Studio 2013
VisualStudioVersion = 12.0.21005.1
MinimumVisualStudioVersion = 10.0.40219.1
Project("{FAE04EC0-301F-11D3-BF4B-00C04F79EFBC}") = "ATK Computer LTD UI", "ATK Computer LTD\ATK Computer LTD UI.csproj", "{EE6360A6-9A95-413A-B5C7-B84954436636}"
EndProject
Project("{FAE04EC0-301F-11D3-BF4B-00C04F79EFBC}") = "DAL", "DAL\DAL.csproj", "{AC6E29F9-F7B1-41DB-AF13-B4F7764091FB}"
EndProject
Project("{FAE04EC0-301F-11D3-BF4B-00C04F79EFBC}") = "BO", "BO\BO.csproj", "{0EE4CC81-B2EA-4EF6-AD43-1D1B74AD3A46}"
EndProject
Project("{FAE04EC0-301F-11D3-BF4B-00C04F79EFBC}") = "ENTITY", "ENTITY\ENTITY.csproj", "{451E6987-0122-4672-81E1-D9711D538167}"
EndProject
Global
	GlobalSection(SolutionConfigurationPlatforms) = preSolution
		CD_ROM|Any CPU = CD_ROM|Any CPU
		Debug|Any CPU = Debug|Any CPU
		DVD-5|Any CPU = DVD-5|Any CPU
		Release|Any CPU = Release|Any CPU
		SingleImage|Any CPU = SingleImage|Any CPU
	EndGlobalSection
	GlobalSection(ProjectConfigurationPlatforms) = postSolution
		{EE6360A6-9A95-413A-B5C7-B84954436636}.CD_ROM|Any CPU.ActiveCfg = Release|Any CPU
		{EE6360A6-9A95-413A-B5C7-B84954436636}.CD_ROM|Any CPU.Build.0 = Release|Any CPU
		{EE6360A6-9A95-413A-B5C7-B84954436636}.Debug|Any CPU.ActiveCfg = Debug|Any CPU
		{EE6360A6-9A95-413A-B5C7-B84954436636}.Debug|Any CPU.Build.0 = Debug|Any CPU
		{EE6360A6-9A95-413A-B5C7-B84954436636}.DVD-5|Any CPU.ActiveCfg = Debug|Any CPU
		{EE6360A6-9A95-413A-B5C7-B84954436636}.DVD-5|Any CPU.Build.0 = Debug|Any CPU
		{EE6360A6-9A95-413A-B5C7-B84954436636}.Release|Any CPU.ActiveCfg = Debug|Any CPU
		{EE6360A6-9A95-413A-B5C7-B84954436636}.Release|Any CPU.Build.0 = Debug|Any CPU
		{EE6360A6-9A95-413A-B5C7-B84954436636}.SingleImage|Any CPU.ActiveCfg = Release|Any CPU
		{EE6360A6-9A95-413A-B5C7-B84954436636}.SingleImage|Any CPU.Build.0 = Release|Any CPU
		{AC6E29F9-F7B1-41DB-AF13-B4F7764091FB}.CD_ROM|Any CPU.ActiveCfg = Release|Any CPU
		{AC6E29F9-F7B1-41DB-AF13-B4F7764091FB}.CD_ROM|Any CPU.Build.0 = Release|Any CPU
		{AC6E29F9-F7B1-41DB-AF13-B4F7764091FB}.Debug|Any CPU.ActiveCfg = Debug|Any CPU
		{AC6E29F9-F7B1-41DB-AF13-B4F7764091FB}.Debug|Any CPU.Build.0 = Debug|Any CPU
		{AC6E29F9-F7B1-41DB-AF13-B4F7764091FB}.DVD-5|Any CPU.ActiveCfg = Debug|Any CPU
		{AC6E29F9-F7B1-41DB-AF13-B4F7764091FB}.DVD-5|Any CPU.Build.0 = Debug|Any CPU
		{AC6E29F9-F7B1-41DB-AF13-B4F7764091FB}.Release|Any CPU.ActiveCfg = Debug|Any CPU
		{AC6E29F9-F7B1-41DB-AF13-B4F7764091FB}.Release|Any CPU.Build.0 = Debug|Any CPU
		{AC6E29F9-F7B1-41DB-AF13-B4F7764091FB}.SingleImage|Any CPU.ActiveCfg = Release|Any CPU
		{AC6E29F9-F7B1-41DB-AF13-B4F7764091FB}.SingleImage|Any CPU.Build.0 = Release|Any CPU
		{0EE4CC81-B2EA-4EF6-AD43-1D1B74AD3A46}.CD_ROM|Any CPU.ActiveCfg = Release|Any CPU
		{0EE4CC81-B2EA-4EF6-AD43-1D1B74AD3A46}.CD_ROM|Any CPU.Build.0 = Release|Any CPU
		{0EE4CC81-B2EA-4EF6-AD43-1D1B74AD3A46}.Debug|Any CPU.ActiveCfg = Debug|Any CPU
		{0EE4CC81-B2EA-4EF6-AD43-1D1B74AD3A46}.Debug|Any CPU.Build.0 = Debug|Any CPU
		{0EE4CC81-B2EA-4EF6-AD43-1D1B74AD3A46}.DVD-5|Any CPU.ActiveCfg = Debug|Any CPU
		{0EE4CC81-B2EA-4EF6-AD43-1D1B74AD3A46}.DVD-5|Any CPU.Build.0 = Debug|Any CPU
		{0EE4CC81-B2EA-4EF6-AD43-1D1B74AD3A46}.Release|Any CPU.ActiveCfg = Debug|Any CPU
		{0EE4CC81-B2EA-4EF6-AD43-1D1B74AD3A46}.Release|Any CPU.Build.0 = Debug|Any CPU
		{0EE4CC81-B2EA-4EF6-AD43-1D1B74AD3A46}.SingleImage|Any CPU.ActiveCfg = Release|Any CPU
		{0EE4CC81-B2EA-4EF6-AD43-1D1B74AD3A46}.SingleImage|Any CPU.Build.0 = Release|Any CPU
		{451E6987-0122-4672-81E1-D9711D538167}.CD_ROM|Any CPU.ActiveCfg = Release|Any CPU
		{451E6987-0122-4672-81E1-D9711D538167}.CD_ROM|Any CPU.Build.0 = Release|Any CPU
		{451E6987-0122-4672-81E1-D9711D538167}.Debug|Any CPU.ActiveCfg = Debug|Any CPU
		{451E6987-0122-4672-81E1-D9711D538167}.Debug|Any CPU.Build.0 = Debug|Any CPU
		{451E6987-0122-4672-81E1-D9711D538167}.DVD-5|Any CPU.ActiveCfg = Debug|Any CPU
		{451E6987-0122-4672-81E1-D9711D538167}.DVD-5|Any CPU.Build.0 = Debug|Any CPU
		{451E6987-0122-4672-81E1-D9711D538167}.Release|Any CPU.ActiveCfg = Debug|Any CPU
		{451E6987-0122-4672-81E1-D9711D538167}.Release|Any CPU.Build.0 = Debug|Any CPU
		{451E6987-0122-4672-81E1-D9711D538167}.SingleImage|Any CPU.ActiveCfg = Release|Any CPU
		{451E6987-0122-4672-81E1-D9711D538167}.SingleImage|Any CPU.Build.0 = Release|Any CPU
	EndGlobalSection
	GlobalSection(SolutionProperties) = preSolution
		HideSolutionNode = FALSE
	EndGlobalSection
EndGlobal
